
Microsoft Visual Studio Solution File, Format Version 12.00
# Visual Studio Version 17
VisualStudioVersion = 17.5.001.0
MinimumVisualStudioVersion = 10.0.40219.1
Project("{9A19103F-16F7-4668-BE54-9A1E7A4F7556}") = "tl1-tp8-2024-marta16g", "tl1-tp8-2024-marta16g.csproj", "{0C76FDE9-D6CA-4B2A-88F8-5753A82BFFA7}"
EndProject
Global
	GlobalSection(SolutionConfigurationPlatforms) = preSolution
		Debug|Any CPU = Debug|Any CPU
		Release|Any CPU = Release|Any CPU
	EndGlobalSection
	GlobalSection(ProjectConfigurationPlatforms) = postSolution
		{0C76FDE9-D6CA-4B2A-88F8-5753A82BFFA7}.Debug|Any CPU.ActiveCfg = Debug|Any CPU
		{0C76FDE9-D6CA-4B2A-88F8-5753A82BFFA7}.Debug|Any CPU.Build.0 = Debug|Any CPU
		{0C76FDE9-D6CA-4B2A-88F8-5753A82BFFA7}.Release|Any CPU.ActiveCfg = Release|Any CPU
		{0C76FDE9-D6CA-4B2A-88F8-5753A82BFFA7}.Release|Any CPU.Build.0 = Release|Any CPU
	EndGlobalSection
	GlobalSection(SolutionProperties) = preSolution
		HideSolutionNode = FALSE
	EndGlobalSection
	GlobalSection(ExtensibilityGlobals) = postSolution
		SolutionGuid = {7D83B654-5CC1-4925-8F58-1663385AA5F8}
	EndGlobalSection
EndGlobal
